
Microsoft Visual Studio Solution File, Format Version 11.00
# Visual Studio 2010
Project("{FAE04EC0-301F-11D3-BF4B-00C04F79EFBC}") = "IKSIR.ECommerce.Model", "IKSIR.ECommerce.Model\IKSIR.ECommerce.Model.csproj", "{68211693-45E9-4680-AB84-BD59BC16326D}"
EndProject
Project("{FAE04EC0-301F-11D3-BF4B-00C04F79EFBC}") = "IKSIR.ECommerce.Infrastructure", "IKSIR.ECommerce.Infrastructure\IKSIR.ECommerce.Infrastructure.csproj", "{9938A7AE-7B49-446B-9431-EEB85A940E37}"
EndProject
Project("{FAE04EC0-301F-11D3-BF4B-00C04F79EFBC}") = "IKSIR.ECommerce.Toolkit", "IKSIR.ECommerce.Toolkit\IKSIR.ECommerce.Toolkit.csproj", "{38B09DB6-15BB-40EB-8EAA-4C61C044C25B}"
EndProject
Project("{FAE04EC0-301F-11D3-BF4B-00C04F79EFBC}") = "IKSIR.ECommerce.Test", "IKSIR.ECommerce.Test\IKSIR.ECommerce.Test.csproj", "{CB9240A3-D81B-40AF-88CC-0AA2A84D90AE}"
EndProject
Project("{2150E333-8FDC-42A3-9474-1A3956D46DE8}") = "Solution Items", "Solution Items", "{2C9C4473-BC07-4FDA-B6B5-F6E2570A09EA}"
	ProjectSection(SolutionItems) = preProject
		IKSIR.ECommerce.vsmdi = IKSIR.ECommerce.vsmdi
		Local.testsettings = Local.testsettings
		TraceAndTestImpact.testsettings = TraceAndTestImpact.testsettings
	EndProjectSection
EndProject
Project("{FAE04EC0-301F-11D3-BF4B-00C04F79EFBC}") = "IKSIR.ECommerce.Management", "IKSIR.ECommerce.Management\IKSIR.ECommerce.Management.csproj", "{1FACBBCD-EB24-4501-96BA-727C55A42F48}"
EndProject
Project("{FAE04EC0-301F-11D3-BF4B-00C04F79EFBC}") = "IKSIR.ECommerce.UI", "IKSIR.ECommerce.UI\IKSIR.ECommerce.UI.csproj", "{A576D16B-78E2-4A49-8CE5-827C3796FBEF}"
EndProject
Global
	GlobalSection(TestCaseManagementSettings) = postSolution
		CategoryFile = IKSIR.ECommerce.vsmdi
	EndGlobalSection
	GlobalSection(SolutionConfigurationPlatforms) = preSolution
		Debug|Any CPU = Debug|Any CPU
		Debug|Mixed Platforms = Debug|Mixed Platforms
		Debug|x86 = Debug|x86
		Release|Any CPU = Release|Any CPU
		Release|Mixed Platforms = Release|Mixed Platforms
		Release|x86 = Release|x86
	EndGlobalSection
	GlobalSection(ProjectConfigurationPlatforms) = postSolution
		{68211693-45E9-4680-AB84-BD59BC16326D}.Debug|Any CPU.ActiveCfg = Debug|Any CPU
		{68211693-45E9-4680-AB84-BD59BC16326D}.Debug|Any CPU.Build.0 = Debug|Any CPU
		{68211693-45E9-4680-AB84-BD59BC16326D}.Debug|Mixed Platforms.ActiveCfg = Debug|Any CPU
		{68211693-45E9-4680-AB84-BD59BC16326D}.Debug|Mixed Platforms.Build.0 = Debug|Any CPU
		{68211693-45E9-4680-AB84-BD59BC16326D}.Debug|x86.ActiveCfg = Debug|Any CPU
		{68211693-45E9-4680-AB84-BD59BC16326D}.Release|Any CPU.ActiveCfg = Release|Any CPU
		{68211693-45E9-4680-AB84-BD59BC16326D}.Release|Any CPU.Build.0 = Release|Any CPU
		{68211693-45E9-4680-AB84-BD59BC16326D}.Release|Mixed Platforms.ActiveCfg = Release|Any CPU
		{68211693-45E9-4680-AB84-BD59BC16326D}.Release|Mixed Platforms.Build.0 = Release|Any CPU
		{68211693-45E9-4680-AB84-BD59BC16326D}.Release|x86.ActiveCfg = Release|Any CPU
		{9938A7AE-7B49-446B-9431-EEB85A940E37}.Debug|Any CPU.ActiveCfg = Debug|Any CPU
		{9938A7AE-7B49-446B-9431-EEB85A940E37}.Debug|Any CPU.Build.0 = Debug|Any CPU
		{9938A7AE-7B49-446B-9431-EEB85A940E37}.Debug|Mixed Platforms.ActiveCfg = Debug|Any CPU
		{9938A7AE-7B49-446B-9431-EEB85A940E37}.Debug|Mixed Platforms.Build.0 = Debug|Any CPU
		{9938A7AE-7B49-446B-9431-EEB85A940E37}.Debug|x86.ActiveCfg = Debug|Any CPU
		{9938A7AE-7B49-446B-9431-EEB85A940E37}.Release|Any CPU.ActiveCfg = Release|Any CPU
		{9938A7AE-7B49-446B-9431-EEB85A940E37}.Release|Any CPU.Build.0 = Release|Any CPU
		{9938A7AE-7B49-446B-9431-EEB85A940E37}.Release|Mixed Platforms.ActiveCfg = Release|Any CPU
		{9938A7AE-7B49-446B-9431-EEB85A940E37}.Release|Mixed Platforms.Build.0 = Release|Any CPU
		{9938A7AE-7B49-446B-9431-EEB85A940E37}.Release|x86.ActiveCfg = Release|Any CPU
		{38B09DB6-15BB-40EB-8EAA-4C61C044C25B}.Debug|Any CPU.ActiveCfg = Debug|Any CPU
		{38B09DB6-15BB-40EB-8EAA-4C61C044C25B}.Debug|Any CPU.Build.0 = Debug|Any CPU
		{38B09DB6-15BB-40EB-8EAA-4C61C044C25B}.Debug|Mixed Platforms.ActiveCfg = Debug|Any CPU
		{38B09DB6-15BB-40EB-8EAA-4C61C044C25B}.Debug|Mixed Platforms.Build.0 = Debug|Any CPU
		{38B09DB6-15BB-40EB-8EAA-4C61C044C25B}.Debug|x86.ActiveCfg = Debug|Any CPU
		{38B09DB6-15BB-40EB-8EAA-4C61C044C25B}.Release|Any CPU.ActiveCfg = Release|Any CPU
		{38B09DB6-15BB-40EB-8EAA-4C61C044C25B}.Release|Any CPU.Build.0 = Release|Any CPU
		{38B09DB6-15BB-40EB-8EAA-4C61C044C25B}.Release|Mixed Platforms.ActiveCfg = Release|Any CPU
		{38B09DB6-15BB-40EB-8EAA-4C61C044C25B}.Release|Mixed Platforms.Build.0 = Release|Any CPU
		{38B09DB6-15BB-40EB-8EAA-4C61C044C25B}.Release|x86.ActiveCfg = Release|Any CPU
		{CB9240A3-D81B-40AF-88CC-0AA2A84D90AE}.Debug|Any CPU.ActiveCfg = Debug|Any CPU
		{CB9240A3-D81B-40AF-88CC-0AA2A84D90AE}.Debug|Any CPU.Build.0 = Debug|Any CPU
		{CB9240A3-D81B-40AF-88CC-0AA2A84D90AE}.Debug|Mixed Platforms.ActiveCfg = Debug|Any CPU
		{CB9240A3-D81B-40AF-88CC-0AA2A84D90AE}.Debug|Mixed Platforms.Build.0 = Debug|Any CPU
		{CB9240A3-D81B-40AF-88CC-0AA2A84D90AE}.Debug|x86.ActiveCfg = Debug|Any CPU
		{CB9240A3-D81B-40AF-88CC-0AA2A84D90AE}.Release|Any CPU.ActiveCfg = Release|Any CPU
		{CB9240A3-D81B-40AF-88CC-0AA2A84D90AE}.Release|Any CPU.Build.0 = Release|Any CPU
		{CB9240A3-D81B-40AF-88CC-0AA2A84D90AE}.Release|Mixed Platforms.ActiveCfg = Release|Any CPU
		{CB9240A3-D81B-40AF-88CC-0AA2A84D90AE}.Release|Mixed Platforms.Build.0 = Release|Any CPU
		{CB9240A3-D81B-40AF-88CC-0AA2A84D90AE}.Release|x86.ActiveCfg = Release|Any CPU
		{1FACBBCD-EB24-4501-96BA-727C55A42F48}.Debug|Any CPU.ActiveCfg = Debug|Any CPU
		{1FACBBCD-EB24-4501-96BA-727C55A42F48}.Debug|Any CPU.Build.0 = Debug|Any CPU
		{1FACBBCD-EB24-4501-96BA-727C55A42F48}.Debug|Mixed Platforms.ActiveCfg = Debug|Any CPU
		{1FACBBCD-EB24-4501-96BA-727C55A42F48}.Debug|Mixed Platforms.Build.0 = Debug|Any CPU
		{1FACBBCD-EB24-4501-96BA-727C55A42F48}.Debug|x86.ActiveCfg = Debug|Any CPU
		{1FACBBCD-EB24-4501-96BA-727C55A42F48}.Release|Any CPU.ActiveCfg = Release|Any CPU
		{1FACBBCD-EB24-4501-96BA-727C55A42F48}.Release|Any CPU.Build.0 = Release|Any CPU
		{1FACBBCD-EB24-4501-96BA-727C55A42F48}.Release|Mixed Platforms.ActiveCfg = Release|Any CPU
		{1FACBBCD-EB24-4501-96BA-727C55A42F48}.Release|Mixed Platforms.Build.0 = Release|Any CPU
		{1FACBBCD-EB24-4501-96BA-727C55A42F48}.Release|x86.ActiveCfg = Release|Any CPU
		{A576D16B-78E2-4A49-8CE5-827C3796FBEF}.Debug|Any CPU.ActiveCfg = Debug|Any CPU
		{A576D16B-78E2-4A49-8CE5-827C3796FBEF}.Debug|Any CPU.Build.0 = Debug|Any CPU
		{A576D16B-78E2-4A49-8CE5-827C3796FBEF}.Debug|Mixed Platforms.ActiveCfg = Debug|Any CPU
		{A576D16B-78E2-4A49-8CE5-827C3796FBEF}.Debug|Mixed Platforms.Build.0 = Debug|Any CPU
		{A576D16B-78E2-4A49-8CE5-827C3796FBEF}.Debug|x86.ActiveCfg = Debug|Any CPU
		{A576D16B-78E2-4A49-8CE5-827C3796FBEF}.Release|Any CPU.ActiveCfg = Release|Any CPU
		{A576D16B-78E2-4A49-8CE5-827C3796FBEF}.Release|Any CPU.Build.0 = Release|Any CPU
		{A576D16B-78E2-4A49-8CE5-827C3796FBEF}.Release|Mixed Platforms.ActiveCfg = Release|Any CPU
		{A576D16B-78E2-4A49-8CE5-827C3796FBEF}.Release|Mixed Platforms.Build.0 = Release|Any CPU
		{A576D16B-78E2-4A49-8CE5-827C3796FBEF}.Release|x86.ActiveCfg = Release|Any CPU
	EndGlobalSection
	GlobalSection(SolutionProperties) = preSolution
		HideSolutionNode = FALSE
	EndGlobalSection
EndGlobal
